
Microsoft Visual Studio Solution File, Format Version 12.00
# Visual Studio Version 16
VisualStudioVersion = 16.0.31424.327
MinimumVisualStudioVersion = 10.0.40219.1
Project("{FAE04EC0-301F-11D3-BF4B-00C04F79EFBC}") = "WebApi", "WebApi\WebApi.csproj", "{C42180C3-9D89-47AA-8893-B96F5334147F}"
EndProject
Project("{FAE04EC0-301F-11D3-BF4B-00C04F79EFBC}") = "DataAccess.EFCore", "DataAccess.EFCore\DataAccess.EFCore.csproj", "{11B71DB2-2B8E-4D2C-852F-C0C0F2B1701A}"
EndProject
Project("{FAE04EC0-301F-11D3-BF4B-00C04F79EFBC}") = "Domain", "Domain\Domain.csproj", "{967C0642-DDBB-4A11-BA7F-17F5E42FDFB2}"
EndProject
Global
	GlobalSection(SolutionConfigurationPlatforms) = preSolution
		Debug|Any CPU = Debug|Any CPU
		Release|Any CPU = Release|Any CPU
	EndGlobalSection
	GlobalSection(ProjectConfigurationPlatforms) = postSolution
		{C42180C3-9D89-47AA-8893-B96F5334147F}.Debug|Any CPU.ActiveCfg = Debug|Any CPU
		{C42180C3-9D89-47AA-8893-B96F5334147F}.Debug|Any CPU.Build.0 = Debug|Any CPU
		{C42180C3-9D89-47AA-8893-B96F5334147F}.Release|Any CPU.ActiveCfg = Release|Any CPU
		{C42180C3-9D89-47AA-8893-B96F5334147F}.Release|Any CPU.Build.0 = Release|Any CPU
		{11B71DB2-2B8E-4D2C-852F-C0C0F2B1701A}.Debug|Any CPU.ActiveCfg = Debug|Any CPU
		{11B71DB2-2B8E-4D2C-852F-C0C0F2B1701A}.Debug|Any CPU.Build.0 = Debug|Any CPU
		{11B71DB2-2B8E-4D2C-852F-C0C0F2B1701A}.Release|Any CPU.ActiveCfg = Release|Any CPU
		{11B71DB2-2B8E-4D2C-852F-C0C0F2B1701A}.Release|Any CPU.Build.0 = Release|Any CPU
		{967C0642-DDBB-4A11-BA7F-17F5E42FDFB2}.Debug|Any CPU.ActiveCfg = Debug|Any CPU
		{967C0642-DDBB-4A11-BA7F-17F5E42FDFB2}.Debug|Any CPU.Build.0 = Debug|Any CPU
		{967C0642-DDBB-4A11-BA7F-17F5E42FDFB2}.Release|Any CPU.ActiveCfg = Release|Any CPU
		{967C0642-DDBB-4A11-BA7F-17F5E42FDFB2}.Release|Any CPU.Build.0 = Release|Any CPU
	EndGlobalSection
	GlobalSection(SolutionProperties) = preSolution
		HideSolutionNode = FALSE
	EndGlobalSection
	GlobalSection(ExtensibilityGlobals) = postSolution
		SolutionGuid = {23CEBAAC-7982-4610-B210-574D71470592}
	EndGlobalSection
EndGlobal
